// !$*UTF8*$!
{
	archiveVersion = 1;
	classes = {
	};
	objectVersion = 50;
	objects = {

/* Begin PBXBuildFile section */
		8808928A22AD1EF9009F6334 /* AppDelegate.swift in Sources */ = {isa = PBXBuildFile; fileRef = 8808928922AD1EF9009F6334 /* AppDelegate.swift */; };
		8808928C22AD1EF9009F6334 /* ViewController.swift in Sources */ = {isa = PBXBuildFile; fileRef = 8808928B22AD1EF9009F6334 /* ViewController.swift */; };
		8808928F22AD1EF9009F6334 /* Main.storyboard in Resources */ = {isa = PBXBuildFile; fileRef = 8808928D22AD1EF9009F6334 /* Main.storyboard */; };
		8808929122AD1EFA009F6334 /* Assets.xcassets in Resources */ = {isa = PBXBuildFile; fileRef = 8808929022AD1EFA009F6334 /* Assets.xcassets */; };
		8808929422AD1EFA009F6334 /* LaunchScreen.storyboard in Resources */ = {isa = PBXBuildFile; fileRef = 8808929222AD1EFA009F6334 /* LaunchScreen.storyboard */; };
		8808929C22AD1F2E009F6334 /* ImageStore.swift in Sources */ = {isa = PBXBuildFile; fileRef = 8808929B22AD1F2E009F6334 /* ImageStore.swift */; };
/* End PBXBuildFile section */

/* Begin PBXFileReference section */
		8808928622AD1EF9009F6334 /* FileReadingWritingByNSData.app */ = {isa = PBXFileReference; explicitFileType = wrapper.application; includeInIndex = 0; path = FileReadingWritingByNSData.app; sourceTree = BUILT_PRODUCTS_DIR; };
		8808928922AD1EF9009F6334 /* AppDelegate.swift */ = {isa = PBXFileReference; lastKnownFileType = sourcecode.swift; path = AppDelegate.swift; sourceTree = "<group>"; };
		8808928B22AD1EF9009F6334 /* ViewController.swift */ = {isa = PBXFileReference; lastKnownFileType = sourcecode.swift; path = ViewController.swift; sourceTree = "<group>"; };
		8808928E22AD1EF9009F6334 /* Base */ = {isa = PBXFileReference; lastKnownFileType = file.storyboard; name = Base; path = Base.lproj/Main.storyboard; sourceTree = "<group>"; };
		8808929022AD1EFA009F6334 /* Assets.xcassets */ = {isa = PBXFileReference; lastKnownFileType = folder.assetcatalog; path = Assets.xcassets; sourceTree = "<group>"; };
		8808929322AD1EFA009F6334 /* Base */ = {isa = PBXFileReference; lastKnownFileType = file.storyboard; name = Base; path = Base.lproj/LaunchScreen.storyboard; sourceTree = "<group>"; };
		8808929522AD1EFA009F6334 /* Info.plist */ = {isa = PBXFileReference; lastKnownFileType = text.plist.xml; path = Info.plist; sourceTree = "<group>"; };
		8808929B22AD1F2E009F6334 /* ImageStore.swift */ = {isa = PBXFileReference; lastKnownFileType = sourcecode.swift; path = ImageStore.swift; sourceTree = "<group>"; };
/* End PBXFileReference section */

/* Begin PBXFrameworksBuildPhase section */
		8808928322AD1EF9009F6334 /* Frameworks */ = {
			isa = PBXFrameworksBuildPhase;
			buildActionMask = 2147483647;
			files = (
			);
			runOnlyForDeploymentPostprocessing = 0;
		};
/* End PBXFrameworksBuildPhase section */

/* Begin PBXGroup section */
		8808927D22AD1EF9009F6334 = {
			isa = PBXGroup;
			children = (
				8808928822AD1EF9009F6334 /* FileReadingWritingByNSData */,
				8808928722AD1EF9009F6334 /* Products */,
			);
			sourceTree = "<group>";
		};
		8808928722AD1EF9009F6334 /* Products */ = {
			isa = PBXGroup;
			children = (
				8808928622AD1EF9009F6334 /* FileReadingWritingByNSData.app */,
			);
			name = Products;
			sourceTree = "<group>";
		};
		8808928822AD1EF9009F6334 /* FileReadingWritingByNSData */ = {
			isa = PBXGroup;
			children = (
				8808928922AD1EF9009F6334 /* AppDelegate.swift */,
				8808928B22AD1EF9009F6334 /* ViewController.swift */,
				8808929B22AD1F2E009F6334 /* ImageStore.swift */,
				8808928D22AD1EF9009F6334 /* Main.storyboard */,
				8808929022AD1EFA009F6334 /* Assets.xcassets */,
				8808929222AD1EFA009F6334 /* LaunchScreen.storyboard */,
				8808929522AD1EFA009F6334 /* Info.plist */,
			);
			path = FileReadingWritingByNSData;
			sourceTree = "<group>";
		};
/* End PBXGroup section */

/* Begin PBXNativeTarget section */
		8808928522AD1EF9009F6334 /* FileReadingWritingByNSData */ = {
			isa = PBXNativeTarget;
			buildConfigurationList = 8808929822AD1EFA009F6334 /* Build configuration list for PBXNativeTarget "FileReadingWritingByNSData" */;
			buildPhases = (
				8808928222AD1EF9009F6334 /* Sources */,
				8808928322AD1EF9009F6334 /* Frameworks */,
				8808928422AD1EF9009F6334 /* Resources */,
			);
			buildRules = (
			);
			dependencies = (
			);
			name = FileReadingWritingByNSData;
			productName = FileReadingWritingByNSData;
			productReference = 8808928622AD1EF9009F6334 /* FileReadingWritingByNSData.app */;
			productType = "com.apple.product-type.application";
		};
/* End PBXNativeTarget section */

/* Begin PBXProject section */
		8808927E22AD1EF9009F6334 /* Project object */ = {
			isa = PBXProject;
			attributes = {
				LastSwiftUpdateCheck = 1020;
				LastUpgradeCheck = 1020;
				ORGANIZATIONNAME = ChenZhen;
				TargetAttributes = {
					8808928522AD1EF9009F6334 = {
						CreatedOnToolsVersion = 10.2.1;
					};
				};
			};
			buildConfigurationList = 8808928122AD1EF9009F6334 /* Build configuration list for PBXProject "FileReadingWritingByNSData" */;
			compatibilityVersion = "Xcode 9.3";
			developmentRegion = en;
			hasScannedForEncodings = 0;
			knownRegions = (
				en,
				Base,
			);
			mainGroup = 8808927D22AD1EF9009F6334;
			productRefGroup = 8808928722AD1EF9009F6334 /* Products */;
			projectDirPath = "";
			projectRoot = "";
			targets = (
				8808928522AD1EF9009F6334 /* FileReadingWritingByNSData */,
			);
		};
/* End PBXProject section */

/* Begin PBXResourcesBuildPhase section */
		8808928422AD1EF9009F6334 /* Resources */ = {
			isa = PBXResourcesBuildPhase;
			buildActionMask = 2147483647;
			files = (
				8808929422AD1EFA009F6334 /* LaunchScreen.storyboard in Resources */,
				8808929122AD1EFA009F6334 /* Assets.xcassets in Resources */,
				8808928F22AD1EF9009F6334 /* Main.storyboard in Resources */,
			);
			runOnlyForDeploymentPostprocessing = 0;
		};
/* End PBXResourcesBuildPhase section */

/* Begin PBXSourcesBuildPhase section */
		8808928222AD1EF9009F6334 /* Sources */ = {
			isa = PBXSourcesBuildPhase;
			buildActionMask = 2147483647;
			files = (
				8808928C22AD1EF9009F6334 /* ViewController.swift in Sources */,
				8808928A22AD1EF9009F6334 /* AppDelegate.swift in Sources */,
				8808929C22AD1F2E009F6334 /* ImageStore.swift in Sources */,
			);
			runOnlyForDeploymentPostprocessing = 0;
		};
/* End PBXSourcesBuildPhase section */

/* Begin PBXVariantGroup section */
		8808928D22AD1EF9009F6334 /* Main.storyboard */ = {
			isa = PBXVariantGroup;
			children = (
				8808928E22AD1EF9009F6334 /* Base */,
			);
			name = Main.storyboard;
			sourceTree = "<group>";
		};
		8808929222AD1EFA009F6334 /* LaunchScreen.storyboard */ = {
			isa = PBXVariantGroup;
			children = (
				8808929322AD1EFA009F6334 /* Base */,
			);
			name = LaunchScreen.storyboard;
			sourceTree = "<group>";
		};
/* End PBXVariantGroup section */

/* Begin XCBuildConfiguration section */
		8808929622AD1EFA009F6334 /* Debug */ = {
			isa = XCBuildConfiguration;
			buildSettings = {
				ALWAYS_SEARCH_USER_PATHS = NO;
				CLANG_ANALYZER_NONNULL = YES;
				CLANG_ANALYZER_NUMBER_OBJECT_CONVERSION = YES_AGGRESSIVE;
				CLANG_CXX_LANGUAGE_STANDARD = "gnu++14";
				CLANG_CXX_LIBRARY = "libc++";
				CLANG_ENABLE_MODULES = YES;
				CLANG_ENABLE_OBJC_ARC = YES;
				CLANG_ENABLE_OBJC_WEAK = YES;
				CLANG_WARN_BLOCK_CAPTURE_AUTORELEASING = YES;
				CLANG_WARN_BOOL_CONVERSION = YES;
				CLANG_WARN_COMMA = YES;
				CLANG_WARN_CONSTANT_CONVERSION = YES;
				CLANG_WARN_DEPRECATED_OBJC_IMPLEMENTATIONS = YES;
				CLANG_WARN_DIRECT_OBJC_ISA_USAGE = YES_ERROR;
				CLANG_WARN_DOCUMENTATION_COMMENTS = YES;
				CLANG_WARN_EMPTY_BODY = YES;
				CLANG_WARN_ENUM_CONVERSION = YES;
				CLANG_WARN_INFINITE_RECURSION = YES;
				CLANG_WARN_INT_CONVERSION = YES;
				CLANG_WARN_NON_LITERAL_NULL_CONVERSION = YES;
				CLANG_WARN_OBJC_IMPLICIT_RETAIN_SELF = YES;
				CLANG_WARN_OBJC_LITERAL_CONVERSION = YES;
				CLANG_WARN_OBJC_ROOT_CLASS = YES_ERROR;
				CLANG_WARN_RANGE_LOOP_ANALYSIS = YES;
				CLANG_WARN_STRICT_PROTOTYPES = YES;
				CLANG_WARN_SUSPICIOUS_MOVE = YES;
				CLANG_WARN_UNGUARDED_AVAILABILITY = YES_AGGRESSIVE;
				CLANG_WARN_UNREACHABLE_CODE = YES;
				CLANG_WARN__DUPLICATE_METHOD_MATCH = YES;
				CODE_SIGN_IDENTITY = "iPhone Developer";
				COPY_PHASE_STRIP = NO;
				DEBUG_INFORMATION_FORMAT = dwarf;
				ENABLE_STRICT_OBJC_MSGSEND = YES;
				ENABLE_TESTABILITY = YES;
				GCC_C_LANGUAGE_STANDARD = gnu11;
				GCC_DYNAMIC_NO_PIC = NO;
				GCC_NO_COMMON_BLOCKS = YES;
				GCC_OPTIMIZATION_LEVEL = 0;
				GCC_PREPROCESSOR_DEFINITIONS = (
					"DEBUG=1",
					"$(inherited)",
				);
				GCC_WARN_64_TO_32_BIT_CONVERSION = YES;
				GCC_WARN_ABOUT_RETURN_TYPE = YES_ERROR;
				GCC_WARN_UNDECLARED_SELECTOR = YES;
				GCC_WARN_UNINITIALIZED_AUTOS = YES_AGGRESSIVE;
				GCC_WARN_UNUSED_FUNCTION = YES;
				GCC_WARN_UNUSED_VARIABLE = YES;
				IPHONEOS_DEPLOYMENT_TARGET = 12.2;
				MTL_ENABLE_DEBUG_INFO = INCLUDE_SOURCE;
				MTL_FAST_MATH = YES;
				ONLY_ACTIVE_ARCH = YES;
				SDKROOT = iphoneos;
				SWIFT_ACTIVE_COMPILATION_CONDITIONS = DEBUG;
				SWIFT_OPTIMIZATION_LEVEL = "-Onone";
			};
			name = Debug;
		};
		8808929722AD1EFA009F6334 /* Release */ = {
			isa = XCBuildConfiguration;
			buildSettings = {
				ALWAYS_SEARCH_USER_PATHS = NO;
				CLANG_ANALYZER_NONNULL = YES;
				CLANG_ANALYZER_NUMBER_OBJECT_CONVERSION = YES_AGGRESSIVE;
				CLANG_CXX_LANGUAGE_STANDARD = "gnu++14";
				CLANG_CXX_LIBRARY = "libc++";
				CLANG_ENABLE_MODULES = YES;
				CLANG_ENABLE_OBJC_ARC = YES;
				CLANG_ENABLE_OBJC_WEAK = YES;
				CLANG_WARN_BLOCK_CAPTURE_AUTORELEASING = YES;
				CLANG_WARN_BOOL_CONVERSION = YES;
				CLANG_WARN_COMMA = YES;
				CLANG_WARN_CONSTANT_CONVERSION = YES;
				CLANG_WARN_DEPRECATED_OBJC_IMPLEMENTATIONS = YES;
				CLANG_WARN_DIRECT_OBJC_ISA_USAGE = YES_ERROR;
				CLANG_WARN_DOCUMENTATION_COMMENTS = YES;
				CLANG_WARN_EMPTY_BODY = YES;
				CLANG_WARN_ENUM_CONVERSION = YES;
				CLANG_WARN_INFINITE_RECURSION = YES;
				CLANG_WARN_INT_CONVERSION = YES;
				CLANG_WARN_NON_LITERAL_NULL_CONVERSION = YES;
				CLANG_WARN_OBJC_IMPLICIT_RETAIN_SELF = YES;
				CLANG_WARN_OBJC_LITERAL_CONVERSION = YES;
				CLANG_WARN_OBJC_ROOT_CLASS = YES_ERROR;
				CLANG_WARN_RANGE_LOOP_ANALYSIS = YES;
				CLANG_WARN_STRICT_PROTOTYPES = YES;
				CLANG_WARN_SUSPICIOUS_MOVE = YES;
				CLANG_WARN_UNGUARDED_AVAILABILITY = YES_AGGRESSIVE;
				CLANG_WARN_UNREACHABLE_CODE = YES;
				CLANG_WARN__DUPLICATE_METHOD_MATCH = YES;
				CODE_SIGN_IDENTITY = "iPhone Developer";
				COPY_PHASE_STRIP = NO;
				DEBUG_INFORMATION_FORMAT = "dwarf-with-dsym";
				ENABLE_NS_ASSERTIONS = NO;
				ENABLE_STRICT_OBJC_MSGSEND = YES;
				GCC_C_LANGUAGE_STANDARD = gnu11;
				GCC_NO_COMMON_BLOCKS = YES;
				GCC_WARN_64_TO_32_BIT_CONVERSION = YES;
				GCC_WARN_ABOUT_RETURN_TYPE = YES_ERROR;
				GCC_WARN_UNDECLARED_SELECTOR = YES;
				GCC_WARN_UNINITIALIZED_AUTOS = YES_AGGRESSIVE;
				GCC_WARN_UNUSED_FUNCTION = YES;
				GCC_WARN_UNUSED_VARIABLE = YES;
				IPHONEOS_DEPLOYMENT_TARGET = 12.2;
				MTL_ENABLE_DEBUG_INFO = NO;
				MTL_FAST_MATH = YES;
				SDKROOT = iphoneos;
				SWIFT_COMPILATION_MODE = wholemodule;
				SWIFT_OPTIMIZATION_LEVEL = "-O";
				VALIDATE_PRODUCT = YES;
			};
			name = Release;
		};
		8808929922AD1EFA009F6334 /* Debug */ = {
			isa = XCBuildConfiguration;
			buildSettings = {
				ASSETCATALOG_COMPILER_APPICON_NAME = AppIcon;
				CODE_SIGN_STYLE = Automatic;
				INFOPLIST_FILE = FileReadingWritingByNSData/Info.plist;
				LD_RUNPATH_SEARCH_PATHS = (
					"$(inherited)",
					"@executable_path/Frameworks",
				);
				PRODUCT_BUNDLE_IDENTIFIER = com.chenzhen.FileReadingWritingByNSData;
				PRODUCT_NAME = "$(TARGET_NAME)";
				SWIFT_VERSION = 5.0;
				TARGETED_DEVICE_FAMILY = "1,2";
			};
			name = Debug;
		};
		8808929A22AD1EFA009F6334 /* Release */ = {
			isa = XCBuildConfiguration;
			buildSettings = {
				ASSETCATALOG_COMPILER_APPICON_NAME = AppIcon;
				CODE_SIGN_STYLE = Automatic;
				INFOPLIST_FILE = FileReadingWritingByNSData/Info.plist;
				LD_RUNPATH_SEARCH_PATHS = (
					"$(inherited)",
					"@executable_path/Frameworks",
				);
				PRODUCT_BUNDLE_IDENTIFIER = com.chenzhen.FileReadingWritingByNSData;
				PRODUCT_NAME = "$(TARGET_NAME)";
				SWIFT_VERSION = 5.0;
				TARGETED_DEVICE_FAMILY = "1,2";
			};
			name = Release;
		};
/* End XCBuildConfiguration section */

/* Begin XCConfigurationList section */
		8808928122AD1EF9009F6334 /* Build configuration list for PBXProject "FileReadingWritingByNSData" */ = {
			isa = XCConfigurationList;
			buildConfigurations = (
				8808929622AD1EFA009F6334 /* Debug */,
				8808929722AD1EFA009F6334 /* Release */,
			);
			defaultConfigurationIsVisible = 0;
			defaultConfigurationName = Release;
		};
		8808929822AD1EFA009F6334 /* Build configuration list for PBXNativeTarget "FileReadingWritingByNSData" */ = {
			isa = XCConfigurationList;
			buildConfigurations = (
				8808929922AD1EFA009F6334 /* Debug */,
				8808929A22AD1EFA009F6334 /* Release */,
			);
			defaultConfigurationIsVisible = 0;
			defaultConfigurationName = Release;
		};
/* End XCConfigurationList section */
	};
	rootObject = 8808927E22AD1EF9009F6334 /* Project object */;
}
